
Microsoft Visual Studio Solution File, Format Version 12.00
# Visual Studio Version 16
VisualStudioVersion = 16.0.31019.35
MinimumVisualStudioVersion = 10.0.40219.1
Project("{2150E333-8FDC-42A3-9474-1A3956D46DE8}") = "WebApi", "WebApi", "{480E36A1-6100-40D9-94C1-FBCDC47DACFC}"
EndProject
Project("{2150E333-8FDC-42A3-9474-1A3956D46DE8}") = "Core", "Core", "{0917A227-8FCA-44EC-B17B-0436EFCFE1D1}"
EndProject
Project("{2150E333-8FDC-42A3-9474-1A3956D46DE8}") = "Infra", "Infra", "{13496BF6-B1C5-4F56-B02F-516D44D58AE1}"
EndProject
Project("{2150E333-8FDC-42A3-9474-1A3956D46DE8}") = "App", "App", "{5214468A-D381-4C30-A989-A51AF006DFD1}"
EndProject
Project("{9A19103F-16F7-4668-BE54-9A1E7A4F7556}") = "SiteMercado.Teste.Application", "SiteMercado.Teste.Application\SiteMercado.Teste.Application.csproj", "{2E4B474A-132E-4E6F-8BDD-D531A5AB8DA2}"
EndProject
Project("{9A19103F-16F7-4668-BE54-9A1E7A4F7556}") = "SiteMercado.Teste.Domain", "SiteMercado.Teste.Domain\SiteMercado.Teste.Domain.csproj", "{F9CC493E-911D-46C8-B0C1-40B41951F7E1}"
EndProject
Project("{9A19103F-16F7-4668-BE54-9A1E7A4F7556}") = "SiteMercado.Teste.Infra.Persistence", "SiteMercado.Teste.Infra.Persistence\SiteMercado.Teste.Infra.Persistence.csproj", "{D1B565E0-9CDA-4CF7-B6A3-5791ECA121B7}"
EndProject
Project("{9A19103F-16F7-4668-BE54-9A1E7A4F7556}") = "SiteMercado.Teste.WebApi", "SiteMercado.Teste.WebApi\SiteMercado.Teste.WebApi.csproj", "{7D086555-0B92-4EDC-98DD-596E5417645A}"
EndProject
Project("{2150E333-8FDC-42A3-9474-1A3956D46DE8}") = "Test", "Test", "{0457DBEF-9DD0-43F2-94DF-6D092FD46E82}"
EndProject
Project("{9A19103F-16F7-4668-BE54-9A1E7A4F7556}") = "SiteMercado.Teste.UnityTest", "SiteMercado.Teste.UnityTest\SiteMercado.Teste.UnityTest.csproj", "{12E844C3-44D7-46CA-BD2C-8AD9A6BB90BB}"
EndProject
Project("{FAE04EC0-301F-11D3-BF4B-00C04F79EFBC}") = "SiteMercado.Teste.WebApp", "SiteMercado.Teste.WebApp\SiteMercado.Teste.WebApp.csproj", "{AA7619A9-012B-4AF9-871A-2EEEA5E4AFD0}"
EndProject
Global
	GlobalSection(SolutionConfigurationPlatforms) = preSolution
		Debug|Any CPU = Debug|Any CPU
		Release|Any CPU = Release|Any CPU
	EndGlobalSection
	GlobalSection(ProjectConfigurationPlatforms) = postSolution
		{2E4B474A-132E-4E6F-8BDD-D531A5AB8DA2}.Debug|Any CPU.ActiveCfg = Debug|Any CPU
		{2E4B474A-132E-4E6F-8BDD-D531A5AB8DA2}.Debug|Any CPU.Build.0 = Debug|Any CPU
		{2E4B474A-132E-4E6F-8BDD-D531A5AB8DA2}.Release|Any CPU.ActiveCfg = Release|Any CPU
		{2E4B474A-132E-4E6F-8BDD-D531A5AB8DA2}.Release|Any CPU.Build.0 = Release|Any CPU
		{F9CC493E-911D-46C8-B0C1-40B41951F7E1}.Debug|Any CPU.ActiveCfg = Debug|Any CPU
		{F9CC493E-911D-46C8-B0C1-40B41951F7E1}.Debug|Any CPU.Build.0 = Debug|Any CPU
		{F9CC493E-911D-46C8-B0C1-40B41951F7E1}.Release|Any CPU.ActiveCfg = Release|Any CPU
		{F9CC493E-911D-46C8-B0C1-40B41951F7E1}.Release|Any CPU.Build.0 = Release|Any CPU
		{D1B565E0-9CDA-4CF7-B6A3-5791ECA121B7}.Debug|Any CPU.ActiveCfg = Debug|Any CPU
		{D1B565E0-9CDA-4CF7-B6A3-5791ECA121B7}.Debug|Any CPU.Build.0 = Debug|Any CPU
		{D1B565E0-9CDA-4CF7-B6A3-5791ECA121B7}.Release|Any CPU.ActiveCfg = Release|Any CPU
		{D1B565E0-9CDA-4CF7-B6A3-5791ECA121B7}.Release|Any CPU.Build.0 = Release|Any CPU
		{7D086555-0B92-4EDC-98DD-596E5417645A}.Debug|Any CPU.ActiveCfg = Debug|Any CPU
		{7D086555-0B92-4EDC-98DD-596E5417645A}.Debug|Any CPU.Build.0 = Debug|Any CPU
		{7D086555-0B92-4EDC-98DD-596E5417645A}.Release|Any CPU.ActiveCfg = Release|Any CPU
		{7D086555-0B92-4EDC-98DD-596E5417645A}.Release|Any CPU.Build.0 = Release|Any CPU
		{12E844C3-44D7-46CA-BD2C-8AD9A6BB90BB}.Debug|Any CPU.ActiveCfg = Debug|Any CPU
		{12E844C3-44D7-46CA-BD2C-8AD9A6BB90BB}.Debug|Any CPU.Build.0 = Debug|Any CPU
		{12E844C3-44D7-46CA-BD2C-8AD9A6BB90BB}.Release|Any CPU.ActiveCfg = Release|Any CPU
		{12E844C3-44D7-46CA-BD2C-8AD9A6BB90BB}.Release|Any CPU.Build.0 = Release|Any CPU
		{AA7619A9-012B-4AF9-871A-2EEEA5E4AFD0}.Debug|Any CPU.ActiveCfg = Debug|Any CPU
		{AA7619A9-012B-4AF9-871A-2EEEA5E4AFD0}.Debug|Any CPU.Build.0 = Debug|Any CPU
		{AA7619A9-012B-4AF9-871A-2EEEA5E4AFD0}.Release|Any CPU.ActiveCfg = Release|Any CPU
		{AA7619A9-012B-4AF9-871A-2EEEA5E4AFD0}.Release|Any CPU.Build.0 = Release|Any CPU
	EndGlobalSection
	GlobalSection(SolutionProperties) = preSolution
		HideSolutionNode = FALSE
	EndGlobalSection
	GlobalSection(NestedProjects) = preSolution
		{0917A227-8FCA-44EC-B17B-0436EFCFE1D1} = {480E36A1-6100-40D9-94C1-FBCDC47DACFC}
		{13496BF6-B1C5-4F56-B02F-516D44D58AE1} = {480E36A1-6100-40D9-94C1-FBCDC47DACFC}
		{5214468A-D381-4C30-A989-A51AF006DFD1} = {480E36A1-6100-40D9-94C1-FBCDC47DACFC}
		{2E4B474A-132E-4E6F-8BDD-D531A5AB8DA2} = {0917A227-8FCA-44EC-B17B-0436EFCFE1D1}
		{F9CC493E-911D-46C8-B0C1-40B41951F7E1} = {0917A227-8FCA-44EC-B17B-0436EFCFE1D1}
		{D1B565E0-9CDA-4CF7-B6A3-5791ECA121B7} = {13496BF6-B1C5-4F56-B02F-516D44D58AE1}
		{7D086555-0B92-4EDC-98DD-596E5417645A} = {5214468A-D381-4C30-A989-A51AF006DFD1}
		{0457DBEF-9DD0-43F2-94DF-6D092FD46E82} = {480E36A1-6100-40D9-94C1-FBCDC47DACFC}
		{12E844C3-44D7-46CA-BD2C-8AD9A6BB90BB} = {0457DBEF-9DD0-43F2-94DF-6D092FD46E82}
		{AA7619A9-012B-4AF9-871A-2EEEA5E4AFD0} = {5214468A-D381-4C30-A989-A51AF006DFD1}
	EndGlobalSection
	GlobalSection(ExtensibilityGlobals) = postSolution
		SolutionGuid = {8B23AD73-BCA5-4A1E-A1DF-D9B332547798}
	EndGlobalSection
EndGlobal
